// !$*UTF8*$!
{
	archiveVersion = 1;
	classes = {
	};
	objectVersion = 50;
	objects = {

/* Begin PBXBuildFile section */
		E5DFBC50260D7A5F00D5C560 /* AppDelegate.swift in Sources */ = {isa = PBXBuildFile; fileRef = E5DFBC4F260D7A5F00D5C560 /* AppDelegate.swift */; };
		E5DFBC52260D7A5F00D5C560 /* SceneDelegate.swift in Sources */ = {isa = PBXBuildFile; fileRef = E5DFBC51260D7A5F00D5C560 /* SceneDelegate.swift */; };
		E5DFBC54260D7A5F00D5C560 /* ViewController.swift in Sources */ = {isa = PBXBuildFile; fileRef = E5DFBC53260D7A5F00D5C560 /* ViewController.swift */; };
		E5DFBC57260D7A5F00D5C560 /* Main.storyboard in Resources */ = {isa = PBXBuildFile; fileRef = E5DFBC55260D7A5F00D5C560 /* Main.storyboard */; };
		E5DFBC59260D7A6100D5C560 /* Assets.xcassets in Resources */ = {isa = PBXBuildFile; fileRef = E5DFBC58260D7A6100D5C560 /* Assets.xcassets */; };
		E5DFBC5C260D7A6100D5C560 /* LaunchScreen.storyboard in Resources */ = {isa = PBXBuildFile; fileRef = E5DFBC5A260D7A6100D5C560 /* LaunchScreen.storyboard */; };
		E5E3240C2616DEEE00B29203 /* ECAdapter.swift in Sources */ = {isa = PBXBuildFile; fileRef = E5E3240B2616DEED00B29203 /* ECAdapter.swift */; };
/* End PBXBuildFile section */

/* Begin PBXContainerItemProxy section */
		E59D94142615C47400D6D7D8 /* PBXContainerItemProxy */ = {
			isa = PBXContainerItemProxy;
			containerPortal = E59D940A2615C47400D6D7D8 /* Alamofire.xcodeproj */;
			proxyType = 2;
			remoteGlobalIDString = F8111E3319A95C8B0040E7D1;
			remoteInfo = "Alamofire iOS";
		};
		E59D94162615C47400D6D7D8 /* PBXContainerItemProxy */ = {
			isa = PBXContainerItemProxy;
			containerPortal = E59D940A2615C47400D6D7D8 /* Alamofire.xcodeproj */;
			proxyType = 2;
			remoteGlobalIDString = F8111E3E19A95C8B0040E7D1;
			remoteInfo = "Alamofire iOS Tests";
		};
		E59D94182615C47400D6D7D8 /* PBXContainerItemProxy */ = {
			isa = PBXContainerItemProxy;
			containerPortal = E59D940A2615C47400D6D7D8 /* Alamofire.xcodeproj */;
			proxyType = 2;
			remoteGlobalIDString = 4DD67C0B1A5C55C900ED2280;
			remoteInfo = "Alamofire macOS";
		};
		E59D941A2615C47400D6D7D8 /* PBXContainerItemProxy */ = {
			isa = PBXContainerItemProxy;
			containerPortal = E59D940A2615C47400D6D7D8 /* Alamofire.xcodeproj */;
			proxyType = 2;
			remoteGlobalIDString = F829C6B21A7A94F100A2CD59;
			remoteInfo = "Alamofire macOS Tests";
		};
		E59D941C2615C47400D6D7D8 /* PBXContainerItemProxy */ = {
			isa = PBXContainerItemProxy;
			containerPortal = E59D940A2615C47400D6D7D8 /* Alamofire.xcodeproj */;
			proxyType = 2;
			remoteGlobalIDString = 4CF626EF1BA7CB3E0011A099;
			remoteInfo = "Alamofire tvOS";
		};
		E59D941E2615C47400D6D7D8 /* PBXContainerItemProxy */ = {
			isa = PBXContainerItemProxy;
			containerPortal = E59D940A2615C47400D6D7D8 /* Alamofire.xcodeproj */;
			proxyType = 2;
			remoteGlobalIDString = 4CF626F81BA7CB3E0011A099;
			remoteInfo = "Alamofire tvOS Tests";
		};
		E59D94202615C47400D6D7D8 /* PBXContainerItemProxy */ = {
			isa = PBXContainerItemProxy;
			containerPortal = E59D940A2615C47400D6D7D8 /* Alamofire.xcodeproj */;
			proxyType = 2;
			remoteGlobalIDString = E4202FE01B667AA100C997FB;
			remoteInfo = "Alamofire watchOS";
		};
/* End PBXContainerItemProxy section */

/* Begin PBXFileReference section */
		E59D940A2615C47400D6D7D8 /* Alamofire.xcodeproj */ = {isa = PBXFileReference; lastKnownFileType = "wrapper.pb-project"; name = Alamofire.xcodeproj; path = "Alamofire-master/Alamofire.xcodeproj"; sourceTree = "<group>"; };
		E5DFBC4C260D7A5F00D5C560 /* AlamofireRequest.app */ = {isa = PBXFileReference; explicitFileType = wrapper.application; includeInIndex = 0; path = AlamofireRequest.app; sourceTree = BUILT_PRODUCTS_DIR; };
		E5DFBC4F260D7A5F00D5C560 /* AppDelegate.swift */ = {isa = PBXFileReference; lastKnownFileType = sourcecode.swift; path = AppDelegate.swift; sourceTree = "<group>"; };
		E5DFBC51260D7A5F00D5C560 /* SceneDelegate.swift */ = {isa = PBXFileReference; lastKnownFileType = sourcecode.swift; path = SceneDelegate.swift; sourceTree = "<group>"; };
		E5DFBC53260D7A5F00D5C560 /* ViewController.swift */ = {isa = PBXFileReference; lastKnownFileType = sourcecode.swift; path = ViewController.swift; sourceTree = "<group>"; };
		E5DFBC56260D7A5F00D5C560 /* Base */ = {isa = PBXFileReference; lastKnownFileType = file.storyboard; name = Base; path = Base.lproj/Main.storyboard; sourceTree = "<group>"; };
		E5DFBC58260D7A6100D5C560 /* Assets.xcassets */ = {isa = PBXFileReference; lastKnownFileType = folder.assetcatalog; path = Assets.xcassets; sourceTree = "<group>"; };
		E5DFBC5B260D7A6100D5C560 /* Base */ = {isa = PBXFileReference; lastKnownFileType = file.storyboard; name = Base; path = Base.lproj/LaunchScreen.storyboard; sourceTree = "<group>"; };
		E5DFBC5D260D7A6100D5C560 /* Info.plist */ = {isa = PBXFileReference; lastKnownFileType = text.plist.xml; path = Info.plist; sourceTree = "<group>"; };
		E5E3240B2616DEED00B29203 /* ECAdapter.swift */ = {isa = PBXFileReference; lastKnownFileType = sourcecode.swift; path = ECAdapter.swift; sourceTree = "<group>"; };
/* End PBXFileReference section */

/* Begin PBXFrameworksBuildPhase section */
		E5DFBC49260D7A5F00D5C560 /* Frameworks */ = {
			isa = PBXFrameworksBuildPhase;
			buildActionMask = 2147483647;
			files = (
			);
			runOnlyForDeploymentPostprocessing = 0;
		};
/* End PBXFrameworksBuildPhase section */

/* Begin PBXGroup section */
		E59D940B2615C47400D6D7D8 /* Products */ = {
			isa = PBXGroup;
			children = (
				E59D94152615C47400D6D7D8 /* Alamofire.framework */,
				E59D94172615C47400D6D7D8 /* Alamofire iOS Tests.xctest */,
				E59D94192615C47400D6D7D8 /* Alamofire.framework */,
				E59D941B2615C47400D6D7D8 /* Alamofire macOS Tests.xctest */,
				E59D941D2615C47400D6D7D8 /* Alamofire.framework */,
				E59D941F2615C47400D6D7D8 /* Alamofire tvOS Tests.xctest */,
				E59D94212615C47400D6D7D8 /* Alamofire.framework */,
			);
			name = Products;
			sourceTree = "<group>";
		};
		E5DFBC43260D7A5F00D5C560 = {
			isa = PBXGroup;
			children = (
				E59D940A2615C47400D6D7D8 /* Alamofire.xcodeproj */,
				E5DFBC4E260D7A5F00D5C560 /* AlamofireRequest */,
				E5DFBC4D260D7A5F00D5C560 /* Products */,
				E5DFBCD3260D881500D5C560 /* Frameworks */,
			);
			sourceTree = "<group>";
		};
		E5DFBC4D260D7A5F00D5C560 /* Products */ = {
			isa = PBXGroup;
			children = (
				E5DFBC4C260D7A5F00D5C560 /* AlamofireRequest.app */,
			);
			name = Products;
			sourceTree = "<group>";
		};
		E5DFBC4E260D7A5F00D5C560 /* AlamofireRequest */ = {
			isa = PBXGroup;
			children = (
				E5DFBC4F260D7A5F00D5C560 /* AppDelegate.swift */,
				E5DFBC51260D7A5F00D5C560 /* SceneDelegate.swift */,
				E5DFBC53260D7A5F00D5C560 /* ViewController.swift */,
				E5E3240B2616DEED00B29203 /* ECAdapter.swift */,
				E5DFBC55260D7A5F00D5C560 /* Main.storyboard */,
				E5DFBC58260D7A6100D5C560 /* Assets.xcassets */,
				E5DFBC5A260D7A6100D5C560 /* LaunchScreen.storyboard */,
				E5DFBC5D260D7A6100D5C560 /* Info.plist */,
			);
			path = AlamofireRequest;
			sourceTree = "<group>";
		};
		E5DFBCD3260D881500D5C560 /* Frameworks */ = {
			isa = PBXGroup;
			children = (
			);
			name = Frameworks;
			sourceTree = "<group>";
		};
/* End PBXGroup section */

/* Begin PBXNativeTarget section */
		E5DFBC4B260D7A5F00D5C560 /* AlamofireRequest */ = {
			isa = PBXNativeTarget;
			buildConfigurationList = E5DFBC60260D7A6100D5C560 /* Build configuration list for PBXNativeTarget "AlamofireRequest" */;
			buildPhases = (
				E5DFBC48260D7A5F00D5C560 /* Sources */,
				E5DFBC49260D7A5F00D5C560 /* Frameworks */,
				E5DFBC4A260D7A5F00D5C560 /* Resources */,
			);
			buildRules = (
			);
			dependencies = (
			);
			name = AlamofireRequest;
			productName = AlamofireRequest;
			productReference = E5DFBC4C260D7A5F00D5C560 /* AlamofireRequest.app */;
			productType = "com.apple.product-type.application";
		};
/* End PBXNativeTarget section */

/* Begin PBXProject section */
		E5DFBC44260D7A5F00D5C560 /* Project object */ = {
			isa = PBXProject;
			attributes = {
				LastSwiftUpdateCheck = 1240;
				LastUpgradeCheck = 1240;
				TargetAttributes = {
					E5DFBC4B260D7A5F00D5C560 = {
						CreatedOnToolsVersion = 12.4;
					};
				};
			};
			buildConfigurationList = E5DFBC47260D7A5F00D5C560 /* Build configuration list for PBXProject "AlamofireRequest" */;
			compatibilityVersion = "Xcode 9.3";
			developmentRegion = en;
			hasScannedForEncodings = 0;
			knownRegions = (
				en,
				Base,
			);
			mainGroup = E5DFBC43260D7A5F00D5C560;
			productRefGroup = E5DFBC4D260D7A5F00D5C560 /* Products */;
			projectDirPath = "";
			projectReferences = (
				{
					ProductGroup = E59D940B2615C47400D6D7D8 /* Products */;
					ProjectRef = E59D940A2615C47400D6D7D8 /* Alamofire.xcodeproj */;
				},
			);
			projectRoot = "";
			targets = (
				E5DFBC4B260D7A5F00D5C560 /* AlamofireRequest */,
			);
		};
/* End PBXProject section */

/* Begin PBXReferenceProxy section */
		E59D94152615C47400D6D7D8 /* Alamofire.framework */ = {
			isa = PBXReferenceProxy;
			fileType = wrapper.framework;
			path = Alamofire.framework;
			remoteRef = E59D94142615C47400D6D7D8 /* PBXContainerItemProxy */;
			sourceTree = BUILT_PRODUCTS_DIR;
		};
		E59D94172615C47400D6D7D8 /* Alamofire iOS Tests.xctest */ = {
			isa = PBXReferenceProxy;
			fileType = wrapper.cfbundle;
			path = "Alamofire iOS Tests.xctest";
			remoteRef = E59D94162615C47400D6D7D8 /* PBXContainerItemProxy */;
			sourceTree = BUILT_PRODUCTS_DIR;
		};
		E59D94192615C47400D6D7D8 /* Alamofire.framework */ = {
			isa = PBXReferenceProxy;
			fileType = wrapper.framework;
			path = Alamofire.framework;
			remoteRef = E59D94182615C47400D6D7D8 /* PBXContainerItemProxy */;
			sourceTree = BUILT_PRODUCTS_DIR;
		};
		E59D941B2615C47400D6D7D8 /* Alamofire macOS Tests.xctest */ = {
			isa = PBXReferenceProxy;
			fileType = wrapper.cfbundle;
			path = "Alamofire macOS Tests.xctest";
			remoteRef = E59D941A2615C47400D6D7D8 /* PBXContainerItemProxy */;
			sourceTree = BUILT_PRODUCTS_DIR;
		};
		E59D941D2615C47400D6D7D8 /* Alamofire.framework */ = {
			isa = PBXReferenceProxy;
			fileType = wrapper.framework;
			path = Alamofire.framework;
			remoteRef = E59D941C2615C47400D6D7D8 /* PBXContainerItemProxy */;
			sourceTree = BUILT_PRODUCTS_DIR;
		};
		E59D941F2615C47400D6D7D8 /* Alamofire tvOS Tests.xctest */ = {
			isa = PBXReferenceProxy;
			fileType = wrapper.cfbundle;
			path = "Alamofire tvOS Tests.xctest";
			remoteRef = E59D941E2615C47400D6D7D8 /* PBXContainerItemProxy */;
			sourceTree = BUILT_PRODUCTS_DIR;
		};
		E59D94212615C47400D6D7D8 /* Alamofire.framework */ = {
			isa = PBXReferenceProxy;
			fileType = wrapper.framework;
			path = Alamofire.framework;
			remoteRef = E59D94202615C47400D6D7D8 /* PBXContainerItemProxy */;
			sourceTree = BUILT_PRODUCTS_DIR;
		};
/* End PBXReferenceProxy section */

/* Begin PBXResourcesBuildPhase section */
		E5DFBC4A260D7A5F00D5C560 /* Resources */ = {
			isa = PBXResourcesBuildPhase;
			buildActionMask = 2147483647;
			files = (
				E5DFBC5C260D7A6100D5C560 /* LaunchScreen.storyboard in Resources */,
				E5DFBC59260D7A6100D5C560 /* Assets.xcassets in Resources */,
				E5DFBC57260D7A5F00D5C560 /* Main.storyboard in Resources */,
			);
			runOnlyForDeploymentPostprocessing = 0;
		};
/* End PBXResourcesBuildPhase section */

/* Begin PBXSourcesBuildPhase section */
		E5DFBC48260D7A5F00D5C560 /* Sources */ = {
			isa = PBXSourcesBuildPhase;
			buildActionMask = 2147483647;
			files = (
				E5DFBC54260D7A5F00D5C560 /* ViewController.swift in Sources */,
				E5DFBC50260D7A5F00D5C560 /* AppDelegate.swift in Sources */,
				E5DFBC52260D7A5F00D5C560 /* SceneDelegate.swift in Sources */,
				E5E3240C2616DEEE00B29203 /* ECAdapter.swift in Sources */,
			);
			runOnlyForDeploymentPostprocessing = 0;
		};
/* End PBXSourcesBuildPhase section */

/* Begin PBXVariantGroup section */
		E5DFBC55260D7A5F00D5C560 /* Main.storyboard */ = {
			isa = PBXVariantGroup;
			children = (
				E5DFBC56260D7A5F00D5C560 /* Base */,
			);
			name = Main.storyboard;
			sourceTree = "<group>";
		};
		E5DFBC5A260D7A6100D5C560 /* LaunchScreen.storyboard */ = {
			isa = PBXVariantGroup;
			children = (
				E5DFBC5B260D7A6100D5C560 /* Base */,
			);
			name = LaunchScreen.storyboard;
			sourceTree = "<group>";
		};
/* End PBXVariantGroup section */

/* Begin XCBuildConfiguration section */
		E5DFBC5E260D7A6100D5C560 /* Debug */ = {
			isa = XCBuildConfiguration;
			buildSettings = {
				ALWAYS_SEARCH_USER_PATHS = NO;
				CLANG_ANALYZER_NONNULL = YES;
				CLANG_ANALYZER_NUMBER_OBJECT_CONVERSION = YES_AGGRESSIVE;
				CLANG_CXX_LANGUAGE_STANDARD = "gnu++14";
				CLANG_CXX_LIBRARY = "libc++";
				CLANG_ENABLE_MODULES = YES;
				CLANG_ENABLE_OBJC_ARC = YES;
				CLANG_ENABLE_OBJC_WEAK = YES;
				CLANG_WARN_BLOCK_CAPTURE_AUTORELEASING = YES;
				CLANG_WARN_BOOL_CONVERSION = YES;
				CLANG_WARN_COMMA = YES;
				CLANG_WARN_CONSTANT_CONVERSION = YES;
				CLANG_WARN_DEPRECATED_OBJC_IMPLEMENTATIONS = YES;
				CLANG_WARN_DIRECT_OBJC_ISA_USAGE = YES_ERROR;
				CLANG_WARN_DOCUMENTATION_COMMENTS = YES;
				CLANG_WARN_EMPTY_BODY = YES;
				CLANG_WARN_ENUM_CONVERSION = YES;
				CLANG_WARN_INFINITE_RECURSION = YES;
				CLANG_WARN_INT_CONVERSION = YES;
				CLANG_WARN_NON_LITERAL_NULL_CONVERSION = YES;
				CLANG_WARN_OBJC_IMPLICIT_RETAIN_SELF = YES;
				CLANG_WARN_OBJC_LITERAL_CONVERSION = YES;
				CLANG_WARN_OBJC_ROOT_CLASS = YES_ERROR;
				CLANG_WARN_QUOTED_INCLUDE_IN_FRAMEWORK_HEADER = YES;
				CLANG_WARN_RANGE_LOOP_ANALYSIS = YES;
				CLANG_WARN_STRICT_PROTOTYPES = YES;
				CLANG_WARN_SUSPICIOUS_MOVE = YES;
				CLANG_WARN_UNGUARDED_AVAILABILITY = YES_AGGRESSIVE;
				CLANG_WARN_UNREACHABLE_CODE = YES;
				CLANG_WARN__DUPLICATE_METHOD_MATCH = YES;
				COPY_PHASE_STRIP = NO;
				DEBUG_INFORMATION_FORMAT = dwarf;
				ENABLE_STRICT_OBJC_MSGSEND = YES;
				ENABLE_TESTABILITY = YES;
				GCC_C_LANGUAGE_STANDARD = gnu11;
				GCC_DYNAMIC_NO_PIC = NO;
				GCC_NO_COMMON_BLOCKS = YES;
				GCC_OPTIMIZATION_LEVEL = 0;
				GCC_PREPROCESSOR_DEFINITIONS = (
					"DEBUG=1",
					"$(inherited)",
				);
				GCC_WARN_64_TO_32_BIT_CONVERSION = YES;
				GCC_WARN_ABOUT_RETURN_TYPE = YES_ERROR;
				GCC_WARN_UNDECLARED_SELECTOR = YES;
				GCC_WARN_UNINITIALIZED_AUTOS = YES_AGGRESSIVE;
				GCC_WARN_UNUSED_FUNCTION = YES;
				GCC_WARN_UNUSED_VARIABLE = YES;
				IPHONEOS_DEPLOYMENT_TARGET = 14.4;
				MTL_ENABLE_DEBUG_INFO = INCLUDE_SOURCE;
				MTL_FAST_MATH = YES;
				ONLY_ACTIVE_ARCH = YES;
				SDKROOT = iphoneos;
				SWIFT_ACTIVE_COMPILATION_CONDITIONS = DEBUG;
				SWIFT_OPTIMIZATION_LEVEL = "-Onone";
			};
			name = Debug;
		};
		E5DFBC5F260D7A6100D5C560 /* Release */ = {
			isa = XCBuildConfiguration;
			buildSettings = {
				ALWAYS_SEARCH_USER_PATHS = NO;
				CLANG_ANALYZER_NONNULL = YES;
				CLANG_ANALYZER_NUMBER_OBJECT_CONVERSION = YES_AGGRESSIVE;
				CLANG_CXX_LANGUAGE_STANDARD = "gnu++14";
				CLANG_CXX_LIBRARY = "libc++";
				CLANG_ENABLE_MODULES = YES;
				CLANG_ENABLE_OBJC_ARC = YES;
				CLANG_ENABLE_OBJC_WEAK = YES;
				CLANG_WARN_BLOCK_CAPTURE_AUTORELEASING = YES;
				CLANG_WARN_BOOL_CONVERSION = YES;
				CLANG_WARN_COMMA = YES;
				CLANG_WARN_CONSTANT_CONVERSION = YES;
				CLANG_WARN_DEPRECATED_OBJC_IMPLEMENTATIONS = YES;
				CLANG_WARN_DIRECT_OBJC_ISA_USAGE = YES_ERROR;
				CLANG_WARN_DOCUMENTATION_COMMENTS = YES;
				CLANG_WARN_EMPTY_BODY = YES;
				CLANG_WARN_ENUM_CONVERSION = YES;
				CLANG_WARN_INFINITE_RECURSION = YES;
				CLANG_WARN_INT_CONVERSION = YES;
				CLANG_WARN_NON_LITERAL_NULL_CONVERSION = YES;
				CLANG_WARN_OBJC_IMPLICIT_RETAIN_SELF = YES;
				CLANG_WARN_OBJC_LITERAL_CONVERSION = YES;
				CLANG_WARN_OBJC_ROOT_CLASS = YES_ERROR;
				CLANG_WARN_QUOTED_INCLUDE_IN_FRAMEWORK_HEADER = YES;
				CLANG_WARN_RANGE_LOOP_ANALYSIS = YES;
				CLANG_WARN_STRICT_PROTOTYPES = YES;
				CLANG_WARN_SUSPICIOUS_MOVE = YES;
				CLANG_WARN_UNGUARDED_AVAILABILITY = YES_AGGRESSIVE;
				CLANG_WARN_UNREACHABLE_CODE = YES;
				CLANG_WARN__DUPLICATE_METHOD_MATCH = YES;
				COPY_PHASE_STRIP = NO;
				DEBUG_INFORMATION_FORMAT = "dwarf-with-dsym";
				ENABLE_NS_ASSERTIONS = NO;
				ENABLE_STRICT_OBJC_MSGSEND = YES;
				GCC_C_LANGUAGE_STANDARD = gnu11;
				GCC_NO_COMMON_BLOCKS = YES;
				GCC_WARN_64_TO_32_BIT_CONVERSION = YES;
				GCC_WARN_ABOUT_RETURN_TYPE = YES_ERROR;
				GCC_WARN_UNDECLARED_SELECTOR = YES;
				GCC_WARN_UNINITIALIZED_AUTOS = YES_AGGRESSIVE;
				GCC_WARN_UNUSED_FUNCTION = YES;
				GCC_WARN_UNUSED_VARIABLE = YES;
				IPHONEOS_DEPLOYMENT_TARGET = 14.4;
				MTL_ENABLE_DEBUG_INFO = NO;
				MTL_FAST_MATH = YES;
				SDKROOT = iphoneos;
				SWIFT_COMPILATION_MODE = wholemodule;
				SWIFT_OPTIMIZATION_LEVEL = "-O";
				VALIDATE_PRODUCT = YES;
			};
			name = Release;
		};
		E5DFBC61260D7A6100D5C560 /* Debug */ = {
			isa = XCBuildConfiguration;
			buildSettings = {
				ASSETCATALOG_COMPILER_APPICON_NAME = AppIcon;
				ASSETCATALOG_COMPILER_GLOBAL_ACCENT_COLOR_NAME = AccentColor;
				CODE_SIGN_STYLE = Automatic;
				DEVELOPMENT_TEAM = DSWQW3YJVV;
				INFOPLIST_FILE = AlamofireRequest/Info.plist;
				LD_RUNPATH_SEARCH_PATHS = (
					"$(inherited)",
					"@executable_path/Frameworks",
				);
				PRODUCT_BUNDLE_IDENTIFIER = com.ec.demo.AlamofireRequest;
				PRODUCT_NAME = "$(TARGET_NAME)";
				SWIFT_VERSION = 5.0;
				TARGETED_DEVICE_FAMILY = 1;
			};
			name = Debug;
		};
		E5DFBC62260D7A6100D5C560 /* Release */ = {
			isa = XCBuildConfiguration;
			buildSettings = {
				ASSETCATALOG_COMPILER_APPICON_NAME = AppIcon;
				ASSETCATALOG_COMPILER_GLOBAL_ACCENT_COLOR_NAME = AccentColor;
				CODE_SIGN_STYLE = Automatic;
				DEVELOPMENT_TEAM = DSWQW3YJVV;
				INFOPLIST_FILE = AlamofireRequest/Info.plist;
				LD_RUNPATH_SEARCH_PATHS = (
					"$(inherited)",
					"@executable_path/Frameworks",
				);
				PRODUCT_BUNDLE_IDENTIFIER = com.ec.demo.AlamofireRequest;
				PRODUCT_NAME = "$(TARGET_NAME)";
				SWIFT_VERSION = 5.0;
				TARGETED_DEVICE_FAMILY = 1;
			};
			name = Release;
		};
/* End XCBuildConfiguration section */

/* Begin XCConfigurationList section */
		E5DFBC47260D7A5F00D5C560 /* Build configuration list for PBXProject "AlamofireRequest" */ = {
			isa = XCConfigurationList;
			buildConfigurations = (
				E5DFBC5E260D7A6100D5C560 /* Debug */,
				E5DFBC5F260D7A6100D5C560 /* Release */,
			);
			defaultConfigurationIsVisible = 0;
			defaultConfigurationName = Release;
		};
		E5DFBC60260D7A6100D5C560 /* Build configuration list for PBXNativeTarget "AlamofireRequest" */ = {
			isa = XCConfigurationList;
			buildConfigurations = (
				E5DFBC61260D7A6100D5C560 /* Debug */,
				E5DFBC62260D7A6100D5C560 /* Release */,
			);
			defaultConfigurationIsVisible = 0;
			defaultConfigurationName = Release;
		};
/* End XCConfigurationList section */
	};
	rootObject = E5DFBC44260D7A5F00D5C560 /* Project object */;
}
